{
  "version": 4,
  "terraform_version": "0.13.5",
  "serial": 264,
  "lineage": "0061170b-504f-8a4a-a41b-bb91a92b0d48",
  "outputs": {
    "default_alb_target_group": {
      "value": "arn:aws:elasticloadbalancing:us-west-1:112636953101:targetgroup/wego-test-wego-test-default/404365b1b6b4444f",
      "type": "string"
    }
  },
  "resources": [
    {
      "mode": "managed",
      "type": "aws_key_pair",
      "name": "ecs",
      "provider": "provider[\"registry.terraform.io/hashicorp/aws\"]",
      "instances": [
        {
          "schema_version": 1,
          "attributes": {
            "arn": "arn:aws:ec2:us-west-1:112636953101:key-pair/ecs-key-wego-test",
            "fingerprint": "bf:5a:82:e6:54:4b:64:1e:1e:93:19:79:30:85:d2:ac",
            "id": "ecs-key-wego-test",
            "key_name": "ecs-key-wego-test",
            "key_name_prefix": null,
            "key_pair_id": "key-044ba7760602a2419",
            "public_key": "ssh-rsa AAAAB3NzaC1yc2EAAAADAQABAAABAQC812JSfSgk36wGHqsyoISKxoiPpB7AfJJAV4gaq//jI9lXsTW2b+C76rTD1hvJEWz2EuwyKUYu+2rUgrxdX9Pb02uJOIoYKW+UXxlkUHG5svBznaCF/l4okGRvU7aBBQIgF8VMd0X87bVW/fhRiZlHK4jAObkwxFTGhrvXVNVTNeIV0De0//kFqk9hrxjiHlNEwnt/UI/TJjVimm5UWnhWtz1ah0dH8CVwS+yRRTgGwIuCAPMhmnfPC7QZcxUFNiOrmQbMEunkFVE3NK0MKPNYtViLSRx7RPP72iieQWdeYaiwXWFX6P1INVkuGAJOpkfnGwbNUIKi0DWvNkQ+FmIR umair@Umairs-MacBook-Pro.local",
            "tags": null
          },
          "private": "eyJzY2hlbWFfdmVyc2lvbiI6IjEifQ==",
          "create_before_destroy": true
        }
      ]
    },
    {
      "module": "module.ecs",
      "mode": "managed",
      "type": "aws_ecs_cluster",
      "name": "cluster",
      "provider": "provider[\"registry.terraform.io/hashicorp/aws\"]",
      "instances": [
        {
          "schema_version": 0,
          "attributes": {
            "arn": "arn:aws:ecs:us-west-1:112636953101:cluster/wego-test",
            "capacity_providers": null,
            "default_capacity_provider_strategy": [],
            "id": "arn:aws:ecs:us-west-1:112636953101:cluster/wego-test",
            "name": "wego-test",
            "setting": [
              {
                "name": "containerInsights",
                "value": "disabled"
              }
            ],
            "tags": null
          },
          "private": "bnVsbA=="
        }
      ]
    },
    {
      "module": "module.ecs",
      "mode": "managed",
      "type": "aws_iam_instance_profile",
      "name": "ecs",
      "provider": "provider[\"registry.terraform.io/hashicorp/aws\"]",
      "instances": [
        {
          "schema_version": 0,
          "attributes": {
            "arn": "arn:aws:iam::112636953101:instance-profile/wego-test_ecs_instance_profile",
            "create_date": "2021-03-21T17:46:51Z",
            "id": "wego-test_ecs_instance_profile",
            "name": "wego-test_ecs_instance_profile",
            "name_prefix": null,
            "path": "/",
            "role": "wego-test_ecs_instance_role",
            "unique_id": "AIPARUONPQIG2EUFLVVYI"
          },
          "private": "bnVsbA==",
          "dependencies": [
            "module.ecs.aws_iam_role.ecs_instance_role"
          ],
          "create_before_destroy": true
        }
      ]
    },
    {
      "module": "module.ecs",
      "mode": "managed",
      "type": "aws_iam_role",
      "name": "ecs_instance_role",
      "provider": "provider[\"registry.terraform.io/hashicorp/aws\"]",
      "instances": [
        {
          "schema_version": 0,
          "attributes": {
            "arn": "arn:aws:iam::112636953101:role/wego-test_ecs_instance_role",
            "assume_role_policy": "{\"Version\":\"2008-10-17\",\"Statement\":[{\"Effect\":\"Allow\",\"Principal\":{\"Service\":\"ec2.amazonaws.com\"},\"Action\":\"sts:AssumeRole\"}]}",
            "create_date": "2021-03-21T17:46:32Z",
            "description": "",
            "force_detach_policies": false,
            "id": "wego-test_ecs_instance_role",
            "inline_policy": [
              {
                "name": "",
                "policy": ""
              }
            ],
            "managed_policy_arns": [],
            "max_session_duration": 3600,
            "name": "wego-test_ecs_instance_role",
            "name_prefix": null,
            "path": "/",
            "permissions_boundary": null,
            "tags": null,
            "unique_id": "AROARUONPQIGYABXILVET"
          },
          "private": "bnVsbA==",
          "create_before_destroy": true
        }
      ]
    },
    {
      "module": "module.ecs",
      "mode": "managed",
      "type": "aws_iam_role",
      "name": "ecs_lb_role",
      "provider": "provider[\"registry.terraform.io/hashicorp/aws\"]",
      "instances": [
        {
          "schema_version": 0,
          "attributes": {
            "arn": "arn:aws:iam::112636953101:role/ecs/wego-test_ecs_lb_role",
            "assume_role_policy": "{\"Version\":\"2008-10-17\",\"Statement\":[{\"Effect\":\"Allow\",\"Principal\":{\"Service\":\"ecs.amazonaws.com\"},\"Action\":\"sts:AssumeRole\"}]}",
            "create_date": "2021-03-21T17:46:32Z",
            "description": "",
            "force_detach_policies": false,
            "id": "wego-test_ecs_lb_role",
            "inline_policy": [
              {
                "name": "",
                "policy": ""
              }
            ],
            "managed_policy_arns": [],
            "max_session_duration": 3600,
            "name": "wego-test_ecs_lb_role",
            "name_prefix": null,
            "path": "/ecs/",
            "permissions_boundary": null,
            "tags": null,
            "unique_id": "AROARUONPQIG6XGNYURE2"
          },
          "private": "bnVsbA=="
        }
      ]
    },
    {
      "module": "module.ecs",
      "mode": "managed",
      "type": "aws_iam_role_policy_attachment",
      "name": "ecs_ec2_cloudwatch_role",
      "provider": "provider[\"registry.terraform.io/hashicorp/aws\"]",
      "instances": [
        {
          "schema_version": 0,
          "attributes": {
            "id": "wego-test_ecs_instance_role-20210321174651896000000001",
            "policy_arn": "arn:aws:iam::aws:policy/CloudWatchLogsFullAccess",
            "role": "wego-test_ecs_instance_role"
          },
          "private": "bnVsbA==",
          "dependencies": [
            "module.ecs.aws_iam_role.ecs_instance_role"
          ]
        }
      ]
    },
    {
      "module": "module.ecs",
      "mode": "managed",
      "type": "aws_iam_role_policy_attachment",
      "name": "ecs_ec2_role",
      "provider": "provider[\"registry.terraform.io/hashicorp/aws\"]",
      "instances": [
        {
          "schema_version": 0,
          "attributes": {
            "id": "wego-test_ecs_instance_role-20210321174652149000000002",
            "policy_arn": "arn:aws:iam::aws:policy/service-role/AmazonEC2ContainerServiceforEC2Role",
            "role": "wego-test_ecs_instance_role"
          },
          "private": "bnVsbA==",
          "dependencies": [
            "module.ecs.aws_iam_role.ecs_instance_role"
          ]
        }
      ]
    },
    {
      "module": "module.ecs",
      "mode": "managed",
      "type": "aws_iam_role_policy_attachment",
      "name": "ecs_lb",
      "provider": "provider[\"registry.terraform.io/hashicorp/aws\"]",
      "instances": [
        {
          "schema_version": 0,
          "attributes": {
            "id": "wego-test_ecs_lb_role-20210321174652365100000003",
            "policy_arn": "arn:aws:iam::aws:policy/service-role/AmazonEC2ContainerServiceRole",
            "role": "wego-test_ecs_lb_role"
          },
          "private": "bnVsbA==",
          "dependencies": [
            "module.ecs.aws_iam_role.ecs_lb_role"
          ]
        }
      ]
    },
    {
      "module": "module.ecs",
      "mode": "managed",
      "type": "aws_security_group_rule",
      "name": "alb_to_ecs",
      "provider": "provider[\"registry.terraform.io/hashicorp/aws\"]",
      "instances": [
        {
          "schema_version": 2,
          "attributes": {
            "cidr_blocks": null,
            "description": null,
            "from_port": 32768,
            "id": "sgrule-2740152442",
            "ipv6_cidr_blocks": null,
            "prefix_list_ids": null,
            "protocol": "tcp",
            "security_group_id": "sg-09303c13a1484f269",
            "self": false,
            "source_security_group_id": "sg-0b9492e1807cd4a5b",
            "to_port": 61000,
            "type": "ingress"
          },
          "private": "eyJzY2hlbWFfdmVyc2lvbiI6IjIifQ==",
          "dependencies": [
            "module.ecs.module.alb.aws_security_group.alb",
            "module.ecs.module.ecs_instances.aws_security_group.instance",
            "module.ecs.module.network.module.vpc.aws_vpc.vpc"
          ]
        }
      ]
    },
    {
      "module": "module.ecs.module.alb",
      "mode": "managed",
      "type": "aws_alb",
      "name": "alb",
      "provider": "provider[\"registry.terraform.io/hashicorp/aws\"]",
      "instances": [
        {
          "schema_version": 0,
          "attributes": {
            "access_logs": [
              {
                "bucket": "",
                "enabled": false,
                "prefix": ""
              }
            ],
            "arn": "arn:aws:elasticloadbalancing:us-west-1:112636953101:loadbalancer/app/wego-test-wego-test/b9f3d71a395aab0e",
            "arn_suffix": "app/wego-test-wego-test/b9f3d71a395aab0e",
            "customer_owned_ipv4_pool": "",
            "dns_name": "wego-test-wego-test-2043437524.us-west-1.elb.amazonaws.com",
            "drop_invalid_header_fields": false,
            "enable_cross_zone_load_balancing": null,
            "enable_deletion_protection": false,
            "enable_http2": true,
            "id": "arn:aws:elasticloadbalancing:us-west-1:112636953101:loadbalancer/app/wego-test-wego-test/b9f3d71a395aab0e",
            "idle_timeout": 60,
            "internal": false,
            "ip_address_type": "ipv4",
            "load_balancer_type": "application",
            "name": "wego-test-wego-test",
            "name_prefix": null,
            "security_groups": [
              "sg-0b9492e1807cd4a5b"
            ],
            "subnet_mapping": [
              {
                "allocation_id": "",
                "ipv6_address": "",
                "outpost_id": "",
                "private_ipv4_address": "",
                "subnet_id": "subnet-00688dcfb2552d97c"
              },
              {
                "allocation_id": "",
                "ipv6_address": "",
                "outpost_id": "",
                "private_ipv4_address": "",
                "subnet_id": "subnet-02cbfbd87405f3313"
              }
            ],
            "subnets": [
              "subnet-00688dcfb2552d97c",
              "subnet-02cbfbd87405f3313"
            ],
            "tags": {
              "Environment": "wego-test"
            },
            "timeouts": null,
            "vpc_id": "vpc-05a2b285a70ac0764",
            "zone_id": "Z368ELLRRE2KJ0"
          },
          "private": "eyJlMmJmYjczMC1lY2FhLTExZTYtOGY4OC0zNDM2M2JjN2M0YzAiOnsiY3JlYXRlIjo2MDAwMDAwMDAwMDAsImRlbGV0ZSI6NjAwMDAwMDAwMDAwLCJ1cGRhdGUiOjYwMDAwMDAwMDAwMH19",
          "dependencies": [
            "module.ecs.module.alb.aws_security_group.alb",
            "module.ecs.module.network.module.public_subnet.aws_subnet.subnet",
            "module.ecs.module.network.module.vpc.aws_vpc.vpc"
          ]
        }
      ]
    },
    {
      "module": "module.ecs.module.alb",
      "mode": "managed",
      "type": "aws_alb_listener",
      "name": "http",
      "provider": "provider[\"registry.terraform.io/hashicorp/aws\"]",
      "instances": [
        {
          "schema_version": 0,
          "attributes": {
            "arn": "arn:aws:elasticloadbalancing:us-west-1:112636953101:listener/app/wego-test-wego-test/b9f3d71a395aab0e/86a154121b59416b",
            "certificate_arn": null,
            "default_action": [
              {
                "authenticate_cognito": [],
                "authenticate_oidc": [],
                "fixed_response": [],
                "forward": [],
                "order": 1,
                "redirect": [],
                "target_group_arn": "arn:aws:elasticloadbalancing:us-west-1:112636953101:targetgroup/wego-test-wego-test-default/404365b1b6b4444f",
                "type": "forward"
              }
            ],
            "id": "arn:aws:elasticloadbalancing:us-west-1:112636953101:listener/app/wego-test-wego-test/b9f3d71a395aab0e/86a154121b59416b",
            "load_balancer_arn": "arn:aws:elasticloadbalancing:us-west-1:112636953101:loadbalancer/app/wego-test-wego-test/b9f3d71a395aab0e",
            "port": 80,
            "protocol": "HTTP",
            "ssl_policy": "",
            "timeouts": null
          },
          "private": "eyJlMmJmYjczMC1lY2FhLTExZTYtOGY4OC0zNDM2M2JjN2M0YzAiOnsicmVhZCI6NjAwMDAwMDAwMDAwfX0=",
          "dependencies": [
            "module.ecs.module.alb.aws_alb.alb",
            "module.ecs.module.alb.aws_alb_target_group.default",
            "module.ecs.module.alb.aws_security_group.alb",
            "module.ecs.module.network.module.public_subnet.aws_subnet.subnet",
            "module.ecs.module.network.module.vpc.aws_vpc.vpc"
          ]
        }
      ]
    },
    {
      "module": "module.ecs.module.alb",
      "mode": "managed",
      "type": "aws_alb_target_group",
      "name": "default",
      "provider": "provider[\"registry.terraform.io/hashicorp/aws\"]",
      "instances": [
        {
          "schema_version": 0,
          "attributes": {
            "arn": "arn:aws:elasticloadbalancing:us-west-1:112636953101:targetgroup/wego-test-wego-test-default/404365b1b6b4444f",
            "arn_suffix": "targetgroup/wego-test-wego-test-default/404365b1b6b4444f",
            "deregistration_delay": 300,
            "health_check": [
              {
                "enabled": true,
                "healthy_threshold": 3,
                "interval": 30,
                "matcher": "200",
                "path": "/",
                "port": "traffic-port",
                "protocol": "HTTP",
                "timeout": 5,
                "unhealthy_threshold": 3
              }
            ],
            "id": "arn:aws:elasticloadbalancing:us-west-1:112636953101:targetgroup/wego-test-wego-test-default/404365b1b6b4444f",
            "lambda_multi_value_headers_enabled": false,
            "load_balancing_algorithm_type": "round_robin",
            "name": "wego-test-wego-test-default",
            "name_prefix": null,
            "port": 80,
            "protocol": "HTTP",
            "protocol_version": "HTTP1",
            "proxy_protocol_v2": false,
            "slow_start": 0,
            "stickiness": [
              {
                "cookie_duration": 86400,
                "enabled": false,
                "type": "lb_cookie"
              }
            ],
            "tags": {
              "Environment": "wego-test"
            },
            "target_type": "instance",
            "vpc_id": "vpc-05a2b285a70ac0764"
          },
          "private": "bnVsbA==",
          "dependencies": [
            "module.ecs.module.network.module.vpc.aws_vpc.vpc"
          ]
        }
      ]
    },
    {
      "module": "module.ecs.module.alb",
      "mode": "managed",
      "type": "aws_security_group",
      "name": "alb",
      "provider": "provider[\"registry.terraform.io/hashicorp/aws\"]",
      "instances": [
        {
          "schema_version": 1,
          "attributes": {
            "arn": "arn:aws:ec2:us-west-1:112636953101:security-group/sg-0b9492e1807cd4a5b",
            "description": "Managed by Terraform",
            "egress": [],
            "id": "sg-0b9492e1807cd4a5b",
            "ingress": [],
            "name": "wego-test-wego-test_alb",
            "name_prefix": "",
            "owner_id": "112636953101",
            "revoke_rules_on_delete": false,
            "tags": {
              "Environment": "wego-test"
            },
            "timeouts": null,
            "vpc_id": "vpc-05a2b285a70ac0764"
          },
          "private": "eyJlMmJmYjczMC1lY2FhLTExZTYtOGY4OC0zNDM2M2JjN2M0YzAiOnsiY3JlYXRlIjo2MDAwMDAwMDAwMDAsImRlbGV0ZSI6NjAwMDAwMDAwMDAwfSwic2NoZW1hX3ZlcnNpb24iOiIxIn0=",
          "dependencies": [
            "module.ecs.module.network.module.vpc.aws_vpc.vpc"
          ]
        }
      ]
    },
    {
      "module": "module.ecs.module.alb",
      "mode": "managed",
      "type": "aws_security_group_rule",
      "name": "https_from_anywhere",
      "provider": "provider[\"registry.terraform.io/hashicorp/aws\"]",
      "instances": [
        {
          "schema_version": 2,
          "attributes": {
            "cidr_blocks": [
              "0.0.0.0/0"
            ],
            "description": null,
            "from_port": 80,
            "id": "sgrule-3593857054",
            "ipv6_cidr_blocks": null,
            "prefix_list_ids": null,
            "protocol": "tcp",
            "security_group_id": "sg-0b9492e1807cd4a5b",
            "self": false,
            "source_security_group_id": null,
            "to_port": 80,
            "type": "ingress"
          },
          "private": "eyJzY2hlbWFfdmVyc2lvbiI6IjIifQ==",
          "dependencies": [
            "module.ecs.module.alb.aws_security_group.alb",
            "module.ecs.module.network.module.vpc.aws_vpc.vpc"
          ]
        }
      ]
    },
    {
      "module": "module.ecs.module.alb",
      "mode": "managed",
      "type": "aws_security_group_rule",
      "name": "outbound_internet_access",
      "provider": "provider[\"registry.terraform.io/hashicorp/aws\"]",
      "instances": [
        {
          "schema_version": 2,
          "attributes": {
            "cidr_blocks": [
              "0.0.0.0/0"
            ],
            "description": null,
            "from_port": 0,
            "id": "sgrule-2023117844",
            "ipv6_cidr_blocks": null,
            "prefix_list_ids": null,
            "protocol": "-1",
            "security_group_id": "sg-0b9492e1807cd4a5b",
            "self": false,
            "source_security_group_id": null,
            "to_port": 0,
            "type": "egress"
          },
          "private": "eyJzY2hlbWFfdmVyc2lvbiI6IjIifQ==",
          "dependencies": [
            "module.ecs.module.alb.aws_security_group.alb",
            "module.ecs.module.network.module.vpc.aws_vpc.vpc"
          ]
        }
      ]
    },
    {
      "module": "module.ecs.module.ecs_instances",
      "mode": "data",
      "type": "aws_ami",
      "name": "latest_ecs_ami",
      "provider": "provider[\"registry.terraform.io/hashicorp/aws\"]",
      "instances": [
        {
          "schema_version": 0,
          "attributes": {
            "architecture": "x86_64",
            "arn": "arn:aws:ec2:us-west-1::image/ami-0f77141e61584c7ba",
            "block_device_mappings": [
              {
                "device_name": "/dev/xvda",
                "ebs": {
                  "delete_on_termination": "true",
                  "encrypted": "false",
                  "iops": "0",
                  "snapshot_id": "snap-048394f801536d6bb",
                  "throughput": "0",
                  "volume_size": "30",
                  "volume_type": "gp2"
                },
                "no_device": "",
                "virtual_name": ""
              }
            ],
            "creation_date": "2021-03-17T19:03:04.000Z",
            "description": "Amazon Linux AMI 2.0.20210316 x86_64 ECS HVM GP2",
            "ena_support": true,
            "executable_users": null,
            "filter": [
              {
                "name": "name",
                "values": [
                  "amzn2-ami-ecs-*"
                ]
              },
              {
                "name": "virtualization-type",
                "values": [
                  "hvm"
                ]
              }
            ],
            "hypervisor": "xen",
            "id": "ami-0f77141e61584c7ba",
            "image_id": "ami-0f77141e61584c7ba",
            "image_location": "amazon/amzn2-ami-ecs-gpu-hvm-2.0.20210316-x86_64-ebs",
            "image_owner_alias": "amazon",
            "image_type": "machine",
            "kernel_id": null,
            "most_recent": true,
            "name": "amzn2-ami-ecs-gpu-hvm-2.0.20210316-x86_64-ebs",
            "name_regex": null,
            "owner_id": "591542846629",
            "owners": [
              "amazon"
            ],
            "platform": null,
            "platform_details": "Linux/UNIX",
            "product_codes": [],
            "public": true,
            "ramdisk_id": null,
            "root_device_name": "/dev/xvda",
            "root_device_type": "ebs",
            "root_snapshot_id": "snap-048394f801536d6bb",
            "sriov_net_support": "simple",
            "state": "available",
            "state_reason": {
              "code": "UNSET",
              "message": "UNSET"
            },
            "tags": {},
            "usage_operation": "RunInstances",
            "virtualization_type": "hvm"
          }
        }
      ]
    },
    {
      "module": "module.ecs.module.ecs_instances",
      "mode": "data",
      "type": "template_file",
      "name": "user_data",
      "provider": "provider[\"registry.terraform.io/hashicorp/template\"]",
      "instances": [
        {
          "schema_version": 0,
          "attributes": {
            "filename": null,
            "id": "e39ad913c84199569a5415e0ec4017749797c25964b5442150bc78f5b3bfcf1d",
            "rendered": "#!/bin/bash\n\n# Using script from http://docs.aws.amazon.com/AmazonECS/latest/developerguide/using_cloudwatch_logs.html\n# Install awslogs and the jq JSON parser\nyum install -y awslogs jq aws-cli\n\n# ECS config\necho '' \u003e /etc/ecs/ecs.config\n{\n  echo \"ECS_CLUSTER=wego-test\"\n  echo 'ECS_AVAILABLE_LOGGING_DRIVERS=[\"json-file\",\"awslogs\"]'\n} \u003e\u003e /etc/ecs/ecs.config\n\n# Inject the CloudWatch Logs configuration file contents\ncat \u003e /etc/awslogs/awslogs.conf \u003c\u003c- EOF\n[general]\nstate_file = /var/lib/awslogs/agent-state        \n \n[/var/log/dmesg]\nfile = /var/log/dmesg\nlog_group_name = wego-test/var/log/dmesg\nlog_stream_name = wego-test/{container_instance_id}\n\n[/var/log/messages]\nfile = /var/log/messages\nlog_group_name = wego-test/var/log/messages\nlog_stream_name = wego-test/{container_instance_id}\ndatetime_format = %b %d %H:%M:%S\n\n[/var/log/docker]\nfile = /var/log/docker\nlog_group_name = wego-test/var/log/docker\nlog_stream_name = wego-test/{container_instance_id}\ndatetime_format = %Y-%m-%dT%H:%M:%S.%f\n\n[/var/log/ecs/ecs-init.log]\nfile = /var/log/ecs/ecs-init.log.*\nlog_group_name = wego-test/var/log/ecs/ecs-init.log\nlog_stream_name = wego-test/{container_instance_id}\ndatetime_format = %Y-%m-%dT%H:%M:%SZ\n\n[/var/log/ecs/ecs-agent.log]\nfile = /var/log/ecs/ecs-agent.log.*\nlog_group_name = wego-test/var/log/ecs/ecs-agent.log\nlog_stream_name = wego-test/{container_instance_id}\ndatetime_format = %Y-%m-%dT%H:%M:%SZ\n\n[/var/log/ecs/audit.log]\nfile = /var/log/ecs/audit.log.*\nlog_group_name = wego-test/var/log/ecs/audit.log\nlog_stream_name = wego-test/{container_instance_id}\ndatetime_format = %Y-%m-%dT%H:%M:%SZ\n\nEOF\n\n# Set the region to send CloudWatch Logs data to (the region where the container instance is located)\n# Get availability zone where the container instance is located and remove the trailing character to give us the region.\n# https://docs.aws.amazon.com/AWSEC2/latest/UserGuide/instancedata-data-retrieval.html\nregion=$(curl 169.254.169.254/latest/meta-data/placement/availability-zone | sed s'/.$//')\n# Replace the default log region with the region where the container instance is located.\n# https://docs.aws.amazon.com/AmazonCloudWatch/latest/logs/QuickStartEC2Instance.html#running-ec2-step-2\nsed -i -e \"s/region = us-east-1/region = $region/g\" /etc/awslogs/awscli.conf\n\n# Set the ip address of the node \n# Get the ipv4 of the container instance\n# https://docs.aws.amazon.com/AWSEC2/latest/UserGuide/instancedata-data-retrieval.html\ncontainer_instance_id=$(curl 169.254.169.254/latest/meta-data/local-ipv4)\n# Replace \"{container_instance_id}\" with ipv4 of container instance\nsed -i -e \"s/{container_instance_id}/$container_instance_id/g\" /etc/awslogs/awslogs.conf\n\ncat \u003e /etc/init/awslogjob.conf \u003c\u003c- EOF\n#upstart-job\ndescription \"Configure and start CloudWatch Logs agent on Amazon ECS container instance\"\nauthor \"Amazon Web Services\"\nstart on started ecs\n\nscript\n\texec 2\u003e\u003e/var/log/ecs/cloudwatch-logs-start.log\n\tset -x\n\t\n\tuntil curl -s http://localhost:51678/v1/metadata\n\tdo\n\t\tsleep 1\t\n\tdone\n\t\n\tservice awslogs start\n\tchkconfig awslogs on\nend script\n\nEOF\n\nstart ecs\n\n# Custom userdata script code\n\n\necho \"Done\"\n",
            "template": "#!/bin/bash\n\n# Using script from http://docs.aws.amazon.com/AmazonECS/latest/developerguide/using_cloudwatch_logs.html\n# Install awslogs and the jq JSON parser\nyum install -y awslogs jq aws-cli\n\n# ECS config\n${ecs_config}\n{\n  echo \"ECS_CLUSTER=${cluster_name}\"\n  echo 'ECS_AVAILABLE_LOGGING_DRIVERS=${ecs_logging}'\n} \u003e\u003e /etc/ecs/ecs.config\n\n# Inject the CloudWatch Logs configuration file contents\ncat \u003e /etc/awslogs/awslogs.conf \u003c\u003c- EOF\n[general]\nstate_file = /var/lib/awslogs/agent-state        \n \n[/var/log/dmesg]\nfile = /var/log/dmesg\nlog_group_name = ${cloudwatch_prefix}/var/log/dmesg\nlog_stream_name = ${cluster_name}/{container_instance_id}\n\n[/var/log/messages]\nfile = /var/log/messages\nlog_group_name = ${cloudwatch_prefix}/var/log/messages\nlog_stream_name = ${cluster_name}/{container_instance_id}\ndatetime_format = %b %d %H:%M:%S\n\n[/var/log/docker]\nfile = /var/log/docker\nlog_group_name = ${cloudwatch_prefix}/var/log/docker\nlog_stream_name = ${cluster_name}/{container_instance_id}\ndatetime_format = %Y-%m-%dT%H:%M:%S.%f\n\n[/var/log/ecs/ecs-init.log]\nfile = /var/log/ecs/ecs-init.log.*\nlog_group_name = ${cloudwatch_prefix}/var/log/ecs/ecs-init.log\nlog_stream_name = ${cluster_name}/{container_instance_id}\ndatetime_format = %Y-%m-%dT%H:%M:%SZ\n\n[/var/log/ecs/ecs-agent.log]\nfile = /var/log/ecs/ecs-agent.log.*\nlog_group_name = ${cloudwatch_prefix}/var/log/ecs/ecs-agent.log\nlog_stream_name = ${cluster_name}/{container_instance_id}\ndatetime_format = %Y-%m-%dT%H:%M:%SZ\n\n[/var/log/ecs/audit.log]\nfile = /var/log/ecs/audit.log.*\nlog_group_name = ${cloudwatch_prefix}/var/log/ecs/audit.log\nlog_stream_name = ${cluster_name}/{container_instance_id}\ndatetime_format = %Y-%m-%dT%H:%M:%SZ\n\nEOF\n\n# Set the region to send CloudWatch Logs data to (the region where the container instance is located)\n# Get availability zone where the container instance is located and remove the trailing character to give us the region.\n# https://docs.aws.amazon.com/AWSEC2/latest/UserGuide/instancedata-data-retrieval.html\nregion=$(curl 169.254.169.254/latest/meta-data/placement/availability-zone | sed s'/.$//')\n# Replace the default log region with the region where the container instance is located.\n# https://docs.aws.amazon.com/AmazonCloudWatch/latest/logs/QuickStartEC2Instance.html#running-ec2-step-2\nsed -i -e \"s/region = us-east-1/region = $region/g\" /etc/awslogs/awscli.conf\n\n# Set the ip address of the node \n# Get the ipv4 of the container instance\n# https://docs.aws.amazon.com/AWSEC2/latest/UserGuide/instancedata-data-retrieval.html\ncontainer_instance_id=$(curl 169.254.169.254/latest/meta-data/local-ipv4)\n# Replace \"{container_instance_id}\" with ipv4 of container instance\nsed -i -e \"s/{container_instance_id}/$container_instance_id/g\" /etc/awslogs/awslogs.conf\n\ncat \u003e /etc/init/awslogjob.conf \u003c\u003c- EOF\n#upstart-job\ndescription \"Configure and start CloudWatch Logs agent on Amazon ECS container instance\"\nauthor \"Amazon Web Services\"\nstart on started ecs\n\nscript\n\texec 2\u003e\u003e/var/log/ecs/cloudwatch-logs-start.log\n\tset -x\n\t\n\tuntil curl -s http://localhost:51678/v1/metadata\n\tdo\n\t\tsleep 1\t\n\tdone\n\t\n\tservice awslogs start\n\tchkconfig awslogs on\nend script\n\nEOF\n\nstart ecs\n\n# Custom userdata script code\n${custom_userdata}\n\necho \"Done\"\n",
            "vars": {
              "cloudwatch_prefix": "wego-test",
              "cluster_name": "wego-test",
              "custom_userdata": "",
              "ecs_config": "echo '' \u003e /etc/ecs/ecs.config",
              "ecs_logging": "[\"json-file\",\"awslogs\"]",
              "env_name": "wego-test"
            }
          }
        }
      ]
    },
    {
      "module": "module.ecs.module.ecs_instances",
      "mode": "managed",
      "type": "aws_autoscaling_group",
      "name": "asg",
      "provider": "provider[\"registry.terraform.io/hashicorp/aws\"]",
      "instances": [
        {
          "schema_version": 0,
          "attributes": {
            "arn": "arn:aws:autoscaling:us-west-1:112636953101:autoScalingGroup:7ee7b8fc-1681-4ae3-a783-4303e9ebe59d:autoScalingGroupName/wego-test_wego-test_default",
            "availability_zones": [
              "us-west-1b",
              "us-west-1c"
            ],
            "capacity_rebalance": false,
            "default_cooldown": 300,
            "desired_capacity": 1,
            "enabled_metrics": null,
            "force_delete": true,
            "health_check_grace_period": 300,
            "health_check_type": "EC2",
            "id": "wego-test_wego-test_default",
            "initial_lifecycle_hook": [],
            "instance_refresh": [],
            "launch_configuration": "wego-test_wego-test_default_20210321174815592700000004",
            "launch_template": [],
            "load_balancers": null,
            "max_instance_lifetime": 0,
            "max_size": 1,
            "metrics_granularity": "1Minute",
            "min_elb_capacity": null,
            "min_size": 1,
            "mixed_instances_policy": [],
            "name": "wego-test_wego-test_default",
            "name_prefix": null,
            "placement_group": "",
            "protect_from_scale_in": false,
            "service_linked_role_arn": "arn:aws:iam::112636953101:role/aws-service-role/autoscaling.amazonaws.com/AWSServiceRoleForAutoScaling",
            "suspended_processes": null,
            "tag": [
              {
                "key": "Cluster",
                "propagate_at_launch": true,
                "value": "wego-test"
              },
              {
                "key": "DependsId",
                "propagate_at_launch": false,
                "value": "8802533610222539262"
              },
              {
                "key": "Environment",
                "propagate_at_launch": true,
                "value": "wego-test"
              },
              {
                "key": "InstanceGroup",
                "propagate_at_launch": true,
                "value": "default"
              },
              {
                "key": "Name",
                "propagate_at_launch": true,
                "value": "wego-test_ecs_wego-test_default"
              }
            ],
            "tags": null,
            "target_group_arns": null,
            "termination_policies": null,
            "timeouts": null,
            "vpc_zone_identifier": [
              "subnet-0345d118b5ea4e759",
              "subnet-0e0e7007057dec464"
            ],
            "wait_for_capacity_timeout": "10m",
            "wait_for_elb_capacity": null
          },
          "private": "eyJlMmJmYjczMC1lY2FhLTExZTYtOGY4OC0zNDM2M2JjN2M0YzAiOnsiZGVsZXRlIjo2MDAwMDAwMDAwMDB9fQ==",
          "dependencies": [
            "aws_key_pair.ecs",
            "module.ecs.aws_iam_instance_profile.ecs",
            "module.ecs.aws_iam_role.ecs_instance_role",
            "module.ecs.module.ecs_instances.aws_launch_configuration.launch",
            "module.ecs.module.ecs_instances.aws_security_group.instance",
            "module.ecs.module.ecs_instances.data.aws_ami.latest_ecs_ami",
            "module.ecs.module.ecs_instances.data.template_file.user_data",
            "module.ecs.module.network.module.nat.aws_eip.nat",
            "module.ecs.module.network.module.nat.aws_nat_gateway.nat",
            "module.ecs.module.network.module.private_subnet.aws_subnet.subnet",
            "module.ecs.module.network.module.public_subnet.aws_subnet.subnet",
            "module.ecs.module.network.module.vpc.aws_vpc.vpc",
            "module.ecs.module.network.null_resource.dummy_dependency"
          ]
        }
      ]
    },
    {
      "module": "module.ecs.module.ecs_instances",
      "mode": "managed",
      "type": "aws_cloudwatch_log_group",
      "name": "audit",
      "provider": "provider[\"registry.terraform.io/hashicorp/aws\"]",
      "instances": [
        {
          "schema_version": 0,
          "attributes": {
            "arn": "arn:aws:logs:us-west-1:112636953101:log-group:wego-test/var/log/ecs/audit.log",
            "id": "wego-test/var/log/ecs/audit.log",
            "kms_key_id": "",
            "name": "wego-test/var/log/ecs/audit.log",
            "name_prefix": null,
            "retention_in_days": 30,
            "tags": null
          },
          "private": "bnVsbA=="
        }
      ]
    },
    {
      "module": "module.ecs.module.ecs_instances",
      "mode": "managed",
      "type": "aws_cloudwatch_log_group",
      "name": "dmesg",
      "provider": "provider[\"registry.terraform.io/hashicorp/aws\"]",
      "instances": [
        {
          "schema_version": 0,
          "attributes": {
            "arn": "arn:aws:logs:us-west-1:112636953101:log-group:wego-test/var/log/dmesg",
            "id": "wego-test/var/log/dmesg",
            "kms_key_id": "",
            "name": "wego-test/var/log/dmesg",
            "name_prefix": null,
            "retention_in_days": 30,
            "tags": null
          },
          "private": "bnVsbA=="
        }
      ]
    },
    {
      "module": "module.ecs.module.ecs_instances",
      "mode": "managed",
      "type": "aws_cloudwatch_log_group",
      "name": "docker",
      "provider": "provider[\"registry.terraform.io/hashicorp/aws\"]",
      "instances": [
        {
          "schema_version": 0,
          "attributes": {
            "arn": "arn:aws:logs:us-west-1:112636953101:log-group:wego-test/var/log/docker",
            "id": "wego-test/var/log/docker",
            "kms_key_id": "",
            "name": "wego-test/var/log/docker",
            "name_prefix": null,
            "retention_in_days": 30,
            "tags": null
          },
          "private": "bnVsbA=="
        }
      ]
    },
    {
      "module": "module.ecs.module.ecs_instances",
      "mode": "managed",
      "type": "aws_cloudwatch_log_group",
      "name": "ecs-agent",
      "provider": "provider[\"registry.terraform.io/hashicorp/aws\"]",
      "instances": [
        {
          "schema_version": 0,
          "attributes": {
            "arn": "arn:aws:logs:us-west-1:112636953101:log-group:wego-test/var/log/ecs/ecs-agent.log",
            "id": "wego-test/var/log/ecs/ecs-agent.log",
            "kms_key_id": "",
            "name": "wego-test/var/log/ecs/ecs-agent.log",
            "name_prefix": null,
            "retention_in_days": 30,
            "tags": null
          },
          "private": "bnVsbA=="
        }
      ]
    },
    {
      "module": "module.ecs.module.ecs_instances",
      "mode": "managed",
      "type": "aws_cloudwatch_log_group",
      "name": "ecs-init",
      "provider": "provider[\"registry.terraform.io/hashicorp/aws\"]",
      "instances": [
        {
          "schema_version": 0,
          "attributes": {
            "arn": "arn:aws:logs:us-west-1:112636953101:log-group:wego-test/var/log/ecs/ecs-init.log",
            "id": "wego-test/var/log/ecs/ecs-init.log",
            "kms_key_id": "",
            "name": "wego-test/var/log/ecs/ecs-init.log",
            "name_prefix": null,
            "retention_in_days": 30,
            "tags": null
          },
          "private": "bnVsbA=="
        }
      ]
    },
    {
      "module": "module.ecs.module.ecs_instances",
      "mode": "managed",
      "type": "aws_cloudwatch_log_group",
      "name": "messages",
      "provider": "provider[\"registry.terraform.io/hashicorp/aws\"]",
      "instances": [
        {
          "schema_version": 0,
          "attributes": {
            "arn": "arn:aws:logs:us-west-1:112636953101:log-group:wego-test/var/log/messages",
            "id": "wego-test/var/log/messages",
            "kms_key_id": "",
            "name": "wego-test/var/log/messages",
            "name_prefix": null,
            "retention_in_days": 30,
            "tags": null
          },
          "private": "bnVsbA=="
        }
      ]
    },
    {
      "module": "module.ecs.module.ecs_instances",
      "mode": "managed",
      "type": "aws_launch_configuration",
      "name": "launch",
      "provider": "provider[\"registry.terraform.io/hashicorp/aws\"]",
      "instances": [
        {
          "schema_version": 0,
          "attributes": {
            "arn": "arn:aws:autoscaling:us-west-1:112636953101:launchConfiguration:b478a1a4-a1b4-430f-9785-709128423f85:launchConfigurationName/wego-test_wego-test_default_20210321174815592700000004",
            "associate_public_ip_address": false,
            "ebs_block_device": [],
            "ebs_optimized": false,
            "enable_monitoring": true,
            "ephemeral_block_device": [],
            "iam_instance_profile": "wego-test_ecs_instance_profile",
            "id": "wego-test_wego-test_default_20210321174815592700000004",
            "image_id": "ami-0f77141e61584c7ba",
            "instance_type": "t2.micro",
            "key_name": "ecs-key-wego-test",
            "metadata_options": [],
            "name": "wego-test_wego-test_default_20210321174815592700000004",
            "name_prefix": "wego-test_wego-test_default_",
            "placement_tenancy": null,
            "root_block_device": [],
            "security_groups": [
              "sg-09303c13a1484f269"
            ],
            "spot_price": "",
            "user_data": "0a439cad313052f66a4cac03299e3983a8f7eaaf",
            "user_data_base64": null,
            "vpc_classic_link_id": "",
            "vpc_classic_link_security_groups": null
          },
          "private": "bnVsbA==",
          "dependencies": [
            "aws_key_pair.ecs",
            "module.ecs.aws_iam_instance_profile.ecs",
            "module.ecs.aws_iam_role.ecs_instance_role",
            "module.ecs.module.ecs_instances.aws_security_group.instance",
            "module.ecs.module.ecs_instances.data.aws_ami.latest_ecs_ami",
            "module.ecs.module.ecs_instances.data.template_file.user_data",
            "module.ecs.module.network.module.vpc.aws_vpc.vpc"
          ],
          "create_before_destroy": true
        }
      ]
    },
    {
      "module": "module.ecs.module.ecs_instances",
      "mode": "managed",
      "type": "aws_security_group",
      "name": "instance",
      "provider": "provider[\"registry.terraform.io/hashicorp/aws\"]",
      "instances": [
        {
          "schema_version": 1,
          "attributes": {
            "arn": "arn:aws:ec2:us-west-1:112636953101:security-group/sg-09303c13a1484f269",
            "description": "Used in wego-test",
            "egress": [],
            "id": "sg-09303c13a1484f269",
            "ingress": [],
            "name": "wego-test_wego-test_default",
            "name_prefix": "",
            "owner_id": "112636953101",
            "revoke_rules_on_delete": false,
            "tags": {
              "Cluster": "wego-test",
              "Environment": "wego-test",
              "InstanceGroup": "default"
            },
            "timeouts": null,
            "vpc_id": "vpc-05a2b285a70ac0764"
          },
          "private": "eyJlMmJmYjczMC1lY2FhLTExZTYtOGY4OC0zNDM2M2JjN2M0YzAiOnsiY3JlYXRlIjo2MDAwMDAwMDAwMDAsImRlbGV0ZSI6NjAwMDAwMDAwMDAwfSwic2NoZW1hX3ZlcnNpb24iOiIxIn0=",
          "dependencies": [
            "module.ecs.module.network.module.vpc.aws_vpc.vpc"
          ],
          "create_before_destroy": true
        }
      ]
    },
    {
      "module": "module.ecs.module.ecs_instances",
      "mode": "managed",
      "type": "aws_security_group_rule",
      "name": "outbound_internet_access",
      "provider": "provider[\"registry.terraform.io/hashicorp/aws\"]",
      "instances": [
        {
          "schema_version": 2,
          "attributes": {
            "cidr_blocks": [
              "0.0.0.0/0"
            ],
            "description": null,
            "from_port": 0,
            "id": "sgrule-1133986356",
            "ipv6_cidr_blocks": null,
            "prefix_list_ids": null,
            "protocol": "-1",
            "security_group_id": "sg-09303c13a1484f269",
            "self": false,
            "source_security_group_id": null,
            "to_port": 0,
            "type": "egress"
          },
          "private": "eyJzY2hlbWFfdmVyc2lvbiI6IjIifQ==",
          "dependencies": [
            "module.ecs.module.ecs_instances.aws_security_group.instance",
            "module.ecs.module.network.module.vpc.aws_vpc.vpc"
          ]
        }
      ]
    },
    {
      "module": "module.ecs.module.network",
      "mode": "managed",
      "type": "aws_route",
      "name": "private_nat_route",
      "provider": "provider[\"registry.terraform.io/hashicorp/aws\"]",
      "instances": [
        {
          "index_key": 0,
          "schema_version": 0,
          "attributes": {
            "destination_cidr_block": "0.0.0.0/0",
            "destination_ipv6_cidr_block": "",
            "destination_prefix_list_id": "",
            "egress_only_gateway_id": "",
            "gateway_id": "",
            "id": "r-rtb-0660fc0171db3cba81080289494",
            "instance_id": "",
            "instance_owner_id": "",
            "local_gateway_id": "",
            "nat_gateway_id": "nat-0979ec8d91ec44505",
            "network_interface_id": "",
            "origin": "CreateRoute",
            "route_table_id": "rtb-0660fc0171db3cba8",
            "state": "active",
            "timeouts": null,
            "transit_gateway_id": "",
            "vpc_endpoint_id": null,
            "vpc_peering_connection_id": ""
          },
          "private": "eyJlMmJmYjczMC1lY2FhLTExZTYtOGY4OC0zNDM2M2JjN2M0YzAiOnsiY3JlYXRlIjoxMjAwMDAwMDAwMDAsImRlbGV0ZSI6MzAwMDAwMDAwMDAwfX0=",
          "dependencies": [
            "module.ecs.module.network.module.nat.aws_eip.nat",
            "module.ecs.module.network.module.nat.aws_nat_gateway.nat",
            "module.ecs.module.network.module.private_subnet.aws_route_table.subnet",
            "module.ecs.module.network.module.public_subnet.aws_subnet.subnet",
            "module.ecs.module.network.module.vpc.aws_vpc.vpc"
          ]
        },
        {
          "index_key": 1,
          "schema_version": 0,
          "attributes": {
            "destination_cidr_block": "0.0.0.0/0",
            "destination_ipv6_cidr_block": "",
            "destination_prefix_list_id": "",
            "egress_only_gateway_id": "",
            "gateway_id": "",
            "id": "r-rtb-033f4c7757d21c84c1080289494",
            "instance_id": "",
            "instance_owner_id": "",
            "local_gateway_id": "",
            "nat_gateway_id": "nat-0d6313fb902a31b74",
            "network_interface_id": "",
            "origin": "CreateRoute",
            "route_table_id": "rtb-033f4c7757d21c84c",
            "state": "active",
            "timeouts": null,
            "transit_gateway_id": "",
            "vpc_endpoint_id": null,
            "vpc_peering_connection_id": ""
          },
          "private": "eyJlMmJmYjczMC1lY2FhLTExZTYtOGY4OC0zNDM2M2JjN2M0YzAiOnsiY3JlYXRlIjoxMjAwMDAwMDAwMDAsImRlbGV0ZSI6MzAwMDAwMDAwMDAwfX0=",
          "dependencies": [
            "module.ecs.module.network.module.nat.aws_eip.nat",
            "module.ecs.module.network.module.nat.aws_nat_gateway.nat",
            "module.ecs.module.network.module.private_subnet.aws_route_table.subnet",
            "module.ecs.module.network.module.public_subnet.aws_subnet.subnet",
            "module.ecs.module.network.module.vpc.aws_vpc.vpc"
          ]
        }
      ]
    },
    {
      "module": "module.ecs.module.network",
      "mode": "managed",
      "type": "aws_route",
      "name": "public_igw_route",
      "provider": "provider[\"registry.terraform.io/hashicorp/aws\"]",
      "instances": [
        {
          "index_key": 0,
          "schema_version": 0,
          "attributes": {
            "destination_cidr_block": "0.0.0.0/0",
            "destination_ipv6_cidr_block": "",
            "destination_prefix_list_id": "",
            "egress_only_gateway_id": "",
            "gateway_id": "igw-011db702f3581b23f",
            "id": "r-rtb-06f79a133ba99e31c1080289494",
            "instance_id": "",
            "instance_owner_id": "",
            "local_gateway_id": "",
            "nat_gateway_id": "",
            "network_interface_id": "",
            "origin": "CreateRoute",
            "route_table_id": "rtb-06f79a133ba99e31c",
            "state": "active",
            "timeouts": null,
            "transit_gateway_id": "",
            "vpc_endpoint_id": null,
            "vpc_peering_connection_id": ""
          },
          "private": "eyJlMmJmYjczMC1lY2FhLTExZTYtOGY4OC0zNDM2M2JjN2M0YzAiOnsiY3JlYXRlIjoxMjAwMDAwMDAwMDAsImRlbGV0ZSI6MzAwMDAwMDAwMDAwfX0=",
          "dependencies": [
            "module.ecs.module.network.module.public_subnet.aws_route_table.subnet",
            "module.ecs.module.network.module.vpc.aws_internet_gateway.vpc",
            "module.ecs.module.network.module.vpc.aws_vpc.vpc"
          ]
        },
        {
          "index_key": 1,
          "schema_version": 0,
          "attributes": {
            "destination_cidr_block": "0.0.0.0/0",
            "destination_ipv6_cidr_block": "",
            "destination_prefix_list_id": "",
            "egress_only_gateway_id": "",
            "gateway_id": "igw-011db702f3581b23f",
            "id": "r-rtb-089a1e413f25015ca1080289494",
            "instance_id": "",
            "instance_owner_id": "",
            "local_gateway_id": "",
            "nat_gateway_id": "",
            "network_interface_id": "",
            "origin": "CreateRoute",
            "route_table_id": "rtb-089a1e413f25015ca",
            "state": "active",
            "timeouts": null,
            "transit_gateway_id": "",
            "vpc_endpoint_id": null,
            "vpc_peering_connection_id": ""
          },
          "private": "eyJlMmJmYjczMC1lY2FhLTExZTYtOGY4OC0zNDM2M2JjN2M0YzAiOnsiY3JlYXRlIjoxMjAwMDAwMDAwMDAsImRlbGV0ZSI6MzAwMDAwMDAwMDAwfX0=",
          "dependencies": [
            "module.ecs.module.network.module.public_subnet.aws_route_table.subnet",
            "module.ecs.module.network.module.vpc.aws_internet_gateway.vpc",
            "module.ecs.module.network.module.vpc.aws_vpc.vpc"
          ]
        }
      ]
    },
    {
      "module": "module.ecs.module.network",
      "mode": "managed",
      "type": "null_resource",
      "name": "dummy_dependency",
      "provider": "provider[\"registry.terraform.io/hashicorp/null\"]",
      "instances": [
        {
          "schema_version": 0,
          "attributes": {
            "id": "8802533610222539262",
            "triggers": null
          },
          "private": "bnVsbA==",
          "dependencies": [
            "module.ecs.module.network.module.nat.aws_eip.nat",
            "module.ecs.module.network.module.nat.aws_nat_gateway.nat",
            "module.ecs.module.network.module.public_subnet.aws_subnet.subnet",
            "module.ecs.module.network.module.vpc.aws_vpc.vpc"
          ]
        }
      ]
    },
    {
      "module": "module.ecs.module.network.module.nat",
      "mode": "managed",
      "type": "aws_eip",
      "name": "nat",
      "provider": "provider[\"registry.terraform.io/hashicorp/aws\"]",
      "instances": [
        {
          "index_key": 0,
          "schema_version": 0,
          "attributes": {
            "allocation_id": null,
            "associate_with_private_ip": null,
            "association_id": "",
            "carrier_ip": "",
            "customer_owned_ip": "",
            "customer_owned_ipv4_pool": "",
            "domain": "vpc",
            "id": "eipalloc-bb2c1788",
            "instance": "",
            "network_border_group": "us-west-1",
            "network_interface": "",
            "private_dns": null,
            "private_ip": "",
            "public_dns": "ec2-54-241-62-206.us-west-1.compute.amazonaws.com",
            "public_ip": "54.241.62.206",
            "public_ipv4_pool": "amazon",
            "tags": null,
            "timeouts": null,
            "vpc": true
          },
          "private": "eyJlMmJmYjczMC1lY2FhLTExZTYtOGY4OC0zNDM2M2JjN2M0YzAiOnsiZGVsZXRlIjoxODAwMDAwMDAwMDAsInJlYWQiOjkwMDAwMDAwMDAwMCwidXBkYXRlIjozMDAwMDAwMDAwMDB9fQ=="
        },
        {
          "index_key": 1,
          "schema_version": 0,
          "attributes": {
            "allocation_id": null,
            "associate_with_private_ip": null,
            "association_id": "",
            "carrier_ip": "",
            "customer_owned_ip": "",
            "customer_owned_ipv4_pool": "",
            "domain": "vpc",
            "id": "eipalloc-0f350e3c",
            "instance": "",
            "network_border_group": "us-west-1",
            "network_interface": "",
            "private_dns": null,
            "private_ip": "",
            "public_dns": "ec2-54-177-69-144.us-west-1.compute.amazonaws.com",
            "public_ip": "54.177.69.144",
            "public_ipv4_pool": "amazon",
            "tags": null,
            "timeouts": null,
            "vpc": true
          },
          "private": "eyJlMmJmYjczMC1lY2FhLTExZTYtOGY4OC0zNDM2M2JjN2M0YzAiOnsiZGVsZXRlIjoxODAwMDAwMDAwMDAsInJlYWQiOjkwMDAwMDAwMDAwMCwidXBkYXRlIjozMDAwMDAwMDAwMDB9fQ=="
        }
      ]
    },
    {
      "module": "module.ecs.module.network.module.nat",
      "mode": "managed",
      "type": "aws_nat_gateway",
      "name": "nat",
      "provider": "provider[\"registry.terraform.io/hashicorp/aws\"]",
      "instances": [
        {
          "index_key": 0,
          "schema_version": 0,
          "attributes": {
            "allocation_id": "eipalloc-bb2c1788",
            "id": "nat-0979ec8d91ec44505",
            "network_interface_id": "eni-06a185d3248d50d68",
            "private_ip": "10.0.0.36",
            "public_ip": "54.241.62.206",
            "subnet_id": "subnet-00688dcfb2552d97c",
            "tags": null
          },
          "private": "bnVsbA==",
          "dependencies": [
            "module.ecs.module.network.module.nat.aws_eip.nat",
            "module.ecs.module.network.module.public_subnet.aws_subnet.subnet",
            "module.ecs.module.network.module.vpc.aws_vpc.vpc"
          ]
        },
        {
          "index_key": 1,
          "schema_version": 0,
          "attributes": {
            "allocation_id": "eipalloc-0f350e3c",
            "id": "nat-0d6313fb902a31b74",
            "network_interface_id": "eni-07395adb5bc18c4cd",
            "private_ip": "10.0.1.163",
            "public_ip": "54.177.69.144",
            "subnet_id": "subnet-02cbfbd87405f3313",
            "tags": null
          },
          "private": "bnVsbA==",
          "dependencies": [
            "module.ecs.module.network.module.nat.aws_eip.nat",
            "module.ecs.module.network.module.public_subnet.aws_subnet.subnet",
            "module.ecs.module.network.module.vpc.aws_vpc.vpc"
          ]
        }
      ]
    },
    {
      "module": "module.ecs.module.network.module.private_subnet",
      "mode": "managed",
      "type": "aws_route_table",
      "name": "subnet",
      "provider": "provider[\"registry.terraform.io/hashicorp/aws\"]",
      "instances": [
        {
          "index_key": 0,
          "schema_version": 0,
          "attributes": {
            "id": "rtb-0660fc0171db3cba8",
            "owner_id": "112636953101",
            "propagating_vgws": [],
            "route": [],
            "tags": {
              "Environment": "wego-test",
              "Name": "wego-test_private_subnet_us-west-1c"
            },
            "vpc_id": "vpc-05a2b285a70ac0764"
          },
          "private": "bnVsbA==",
          "dependencies": [
            "module.ecs.module.network.module.vpc.aws_vpc.vpc"
          ]
        },
        {
          "index_key": 1,
          "schema_version": 0,
          "attributes": {
            "id": "rtb-033f4c7757d21c84c",
            "owner_id": "112636953101",
            "propagating_vgws": [],
            "route": [],
            "tags": {
              "Environment": "wego-test",
              "Name": "wego-test_private_subnet_us-west-1b"
            },
            "vpc_id": "vpc-05a2b285a70ac0764"
          },
          "private": "bnVsbA==",
          "dependencies": [
            "module.ecs.module.network.module.vpc.aws_vpc.vpc"
          ]
        }
      ]
    },
    {
      "module": "module.ecs.module.network.module.private_subnet",
      "mode": "managed",
      "type": "aws_route_table_association",
      "name": "subnet",
      "provider": "provider[\"registry.terraform.io/hashicorp/aws\"]",
      "instances": [
        {
          "index_key": 0,
          "schema_version": 0,
          "attributes": {
            "gateway_id": null,
            "id": "rtbassoc-0db14bfa664952f62",
            "route_table_id": "rtb-0660fc0171db3cba8",
            "subnet_id": "subnet-0345d118b5ea4e759"
          },
          "private": "bnVsbA==",
          "dependencies": [
            "module.ecs.module.network.module.private_subnet.aws_route_table.subnet",
            "module.ecs.module.network.module.private_subnet.aws_subnet.subnet",
            "module.ecs.module.network.module.vpc.aws_vpc.vpc"
          ]
        },
        {
          "index_key": 1,
          "schema_version": 0,
          "attributes": {
            "gateway_id": null,
            "id": "rtbassoc-0220c74219a93a96e",
            "route_table_id": "rtb-033f4c7757d21c84c",
            "subnet_id": "subnet-0e0e7007057dec464"
          },
          "private": "bnVsbA==",
          "dependencies": [
            "module.ecs.module.network.module.private_subnet.aws_route_table.subnet",
            "module.ecs.module.network.module.private_subnet.aws_subnet.subnet",
            "module.ecs.module.network.module.vpc.aws_vpc.vpc"
          ]
        }
      ]
    },
    {
      "module": "module.ecs.module.network.module.private_subnet",
      "mode": "managed",
      "type": "aws_subnet",
      "name": "subnet",
      "provider": "provider[\"registry.terraform.io/hashicorp/aws\"]",
      "instances": [
        {
          "index_key": 0,
          "schema_version": 1,
          "attributes": {
            "arn": "arn:aws:ec2:us-west-1:112636953101:subnet/subnet-0345d118b5ea4e759",
            "assign_ipv6_address_on_creation": false,
            "availability_zone": "us-west-1c",
            "availability_zone_id": "usw1-az1",
            "cidr_block": "10.0.50.0/24",
            "customer_owned_ipv4_pool": "",
            "id": "subnet-0345d118b5ea4e759",
            "ipv6_cidr_block": "",
            "ipv6_cidr_block_association_id": "",
            "map_customer_owned_ip_on_launch": false,
            "map_public_ip_on_launch": false,
            "outpost_arn": "",
            "owner_id": "112636953101",
            "tags": {
              "Environment": "wego-test",
              "Name": "wego-test_private_subnet_us-west-1c"
            },
            "tags_all": {
              "Environment": "wego-test",
              "Name": "wego-test_private_subnet_us-west-1c"
            },
            "timeouts": null,
            "vpc_id": "vpc-05a2b285a70ac0764"
          },
          "private": "eyJlMmJmYjczMC1lY2FhLTExZTYtOGY4OC0zNDM2M2JjN2M0YzAiOnsiY3JlYXRlIjo2MDAwMDAwMDAwMDAsImRlbGV0ZSI6MTIwMDAwMDAwMDAwMH0sInNjaGVtYV92ZXJzaW9uIjoiMSJ9",
          "dependencies": [
            "module.ecs.module.network.module.vpc.aws_vpc.vpc"
          ]
        },
        {
          "index_key": 1,
          "schema_version": 1,
          "attributes": {
            "arn": "arn:aws:ec2:us-west-1:112636953101:subnet/subnet-0e0e7007057dec464",
            "assign_ipv6_address_on_creation": false,
            "availability_zone": "us-west-1b",
            "availability_zone_id": "usw1-az3",
            "cidr_block": "10.0.51.0/24",
            "customer_owned_ipv4_pool": "",
            "id": "subnet-0e0e7007057dec464",
            "ipv6_cidr_block": "",
            "ipv6_cidr_block_association_id": "",
            "map_customer_owned_ip_on_launch": false,
            "map_public_ip_on_launch": false,
            "outpost_arn": "",
            "owner_id": "112636953101",
            "tags": {
              "Environment": "wego-test",
              "Name": "wego-test_private_subnet_us-west-1b"
            },
            "tags_all": {
              "Environment": "wego-test",
              "Name": "wego-test_private_subnet_us-west-1b"
            },
            "timeouts": null,
            "vpc_id": "vpc-05a2b285a70ac0764"
          },
          "private": "eyJlMmJmYjczMC1lY2FhLTExZTYtOGY4OC0zNDM2M2JjN2M0YzAiOnsiY3JlYXRlIjo2MDAwMDAwMDAwMDAsImRlbGV0ZSI6MTIwMDAwMDAwMDAwMH0sInNjaGVtYV92ZXJzaW9uIjoiMSJ9",
          "dependencies": [
            "module.ecs.module.network.module.vpc.aws_vpc.vpc"
          ]
        }
      ]
    },
    {
      "module": "module.ecs.module.network.module.public_subnet",
      "mode": "managed",
      "type": "aws_route_table",
      "name": "subnet",
      "provider": "provider[\"registry.terraform.io/hashicorp/aws\"]",
      "instances": [
        {
          "index_key": 0,
          "schema_version": 0,
          "attributes": {
            "id": "rtb-06f79a133ba99e31c",
            "owner_id": "112636953101",
            "propagating_vgws": [],
            "route": [],
            "tags": {
              "Environment": "wego-test",
              "Name": "wego-test_public_subnet_us-west-1c"
            },
            "vpc_id": "vpc-05a2b285a70ac0764"
          },
          "private": "bnVsbA==",
          "dependencies": [
            "module.ecs.module.network.module.vpc.aws_vpc.vpc"
          ]
        },
        {
          "index_key": 1,
          "schema_version": 0,
          "attributes": {
            "id": "rtb-089a1e413f25015ca",
            "owner_id": "112636953101",
            "propagating_vgws": [],
            "route": [],
            "tags": {
              "Environment": "wego-test",
              "Name": "wego-test_public_subnet_us-west-1b"
            },
            "vpc_id": "vpc-05a2b285a70ac0764"
          },
          "private": "bnVsbA==",
          "dependencies": [
            "module.ecs.module.network.module.vpc.aws_vpc.vpc"
          ]
        }
      ]
    },
    {
      "module": "module.ecs.module.network.module.public_subnet",
      "mode": "managed",
      "type": "aws_route_table_association",
      "name": "subnet",
      "provider": "provider[\"registry.terraform.io/hashicorp/aws\"]",
      "instances": [
        {
          "index_key": 0,
          "schema_version": 0,
          "attributes": {
            "gateway_id": null,
            "id": "rtbassoc-0fce0be4ee18e0c59",
            "route_table_id": "rtb-06f79a133ba99e31c",
            "subnet_id": "subnet-00688dcfb2552d97c"
          },
          "private": "bnVsbA==",
          "dependencies": [
            "module.ecs.module.network.module.public_subnet.aws_route_table.subnet",
            "module.ecs.module.network.module.public_subnet.aws_subnet.subnet",
            "module.ecs.module.network.module.vpc.aws_vpc.vpc"
          ]
        },
        {
          "index_key": 1,
          "schema_version": 0,
          "attributes": {
            "gateway_id": null,
            "id": "rtbassoc-0efb0ccf27b5002b3",
            "route_table_id": "rtb-089a1e413f25015ca",
            "subnet_id": "subnet-02cbfbd87405f3313"
          },
          "private": "bnVsbA==",
          "dependencies": [
            "module.ecs.module.network.module.public_subnet.aws_route_table.subnet",
            "module.ecs.module.network.module.public_subnet.aws_subnet.subnet",
            "module.ecs.module.network.module.vpc.aws_vpc.vpc"
          ]
        }
      ]
    },
    {
      "module": "module.ecs.module.network.module.public_subnet",
      "mode": "managed",
      "type": "aws_subnet",
      "name": "subnet",
      "provider": "provider[\"registry.terraform.io/hashicorp/aws\"]",
      "instances": [
        {
          "index_key": 0,
          "schema_version": 1,
          "attributes": {
            "arn": "arn:aws:ec2:us-west-1:112636953101:subnet/subnet-00688dcfb2552d97c",
            "assign_ipv6_address_on_creation": false,
            "availability_zone": "us-west-1c",
            "availability_zone_id": "usw1-az1",
            "cidr_block": "10.0.0.0/24",
            "customer_owned_ipv4_pool": "",
            "id": "subnet-00688dcfb2552d97c",
            "ipv6_cidr_block": "",
            "ipv6_cidr_block_association_id": "",
            "map_customer_owned_ip_on_launch": false,
            "map_public_ip_on_launch": false,
            "outpost_arn": "",
            "owner_id": "112636953101",
            "tags": {
              "Environment": "wego-test",
              "Name": "wego-test_public_subnet_us-west-1c"
            },
            "tags_all": {
              "Environment": "wego-test",
              "Name": "wego-test_public_subnet_us-west-1c"
            },
            "timeouts": null,
            "vpc_id": "vpc-05a2b285a70ac0764"
          },
          "private": "eyJlMmJmYjczMC1lY2FhLTExZTYtOGY4OC0zNDM2M2JjN2M0YzAiOnsiY3JlYXRlIjo2MDAwMDAwMDAwMDAsImRlbGV0ZSI6MTIwMDAwMDAwMDAwMH0sInNjaGVtYV92ZXJzaW9uIjoiMSJ9",
          "dependencies": [
            "module.ecs.module.network.module.vpc.aws_vpc.vpc"
          ]
        },
        {
          "index_key": 1,
          "schema_version": 1,
          "attributes": {
            "arn": "arn:aws:ec2:us-west-1:112636953101:subnet/subnet-02cbfbd87405f3313",
            "assign_ipv6_address_on_creation": false,
            "availability_zone": "us-west-1b",
            "availability_zone_id": "usw1-az3",
            "cidr_block": "10.0.1.0/24",
            "customer_owned_ipv4_pool": "",
            "id": "subnet-02cbfbd87405f3313",
            "ipv6_cidr_block": "",
            "ipv6_cidr_block_association_id": "",
            "map_customer_owned_ip_on_launch": false,
            "map_public_ip_on_launch": false,
            "outpost_arn": "",
            "owner_id": "112636953101",
            "tags": {
              "Environment": "wego-test",
              "Name": "wego-test_public_subnet_us-west-1b"
            },
            "tags_all": {
              "Environment": "wego-test",
              "Name": "wego-test_public_subnet_us-west-1b"
            },
            "timeouts": null,
            "vpc_id": "vpc-05a2b285a70ac0764"
          },
          "private": "eyJlMmJmYjczMC1lY2FhLTExZTYtOGY4OC0zNDM2M2JjN2M0YzAiOnsiY3JlYXRlIjo2MDAwMDAwMDAwMDAsImRlbGV0ZSI6MTIwMDAwMDAwMDAwMH0sInNjaGVtYV92ZXJzaW9uIjoiMSJ9",
          "dependencies": [
            "module.ecs.module.network.module.vpc.aws_vpc.vpc"
          ]
        }
      ]
    },
    {
      "module": "module.ecs.module.network.module.vpc",
      "mode": "managed",
      "type": "aws_internet_gateway",
      "name": "vpc",
      "provider": "provider[\"registry.terraform.io/hashicorp/aws\"]",
      "instances": [
        {
          "schema_version": 0,
          "attributes": {
            "arn": "arn:aws:ec2:us-west-1:112636953101:internet-gateway/igw-011db702f3581b23f",
            "id": "igw-011db702f3581b23f",
            "owner_id": "112636953101",
            "tags": {
              "Environment": "wego-test"
            },
            "vpc_id": "vpc-05a2b285a70ac0764"
          },
          "private": "bnVsbA==",
          "dependencies": [
            "module.ecs.module.network.module.vpc.aws_vpc.vpc"
          ]
        }
      ]
    },
    {
      "module": "module.ecs.module.network.module.vpc",
      "mode": "managed",
      "type": "aws_vpc",
      "name": "vpc",
      "provider": "provider[\"registry.terraform.io/hashicorp/aws\"]",
      "instances": [
        {
          "schema_version": 1,
          "attributes": {
            "arn": "arn:aws:ec2:us-west-1:112636953101:vpc/vpc-05a2b285a70ac0764",
            "assign_generated_ipv6_cidr_block": false,
            "cidr_block": "10.0.0.0/16",
            "default_network_acl_id": "acl-021b7f323bd15d2f1",
            "default_route_table_id": "rtb-0983d531e70ddfae9",
            "default_security_group_id": "sg-042d56a69b948d649",
            "dhcp_options_id": "dopt-cb9ec2ac",
            "enable_classiclink": false,
            "enable_classiclink_dns_support": false,
            "enable_dns_hostnames": true,
            "enable_dns_support": true,
            "id": "vpc-05a2b285a70ac0764",
            "instance_tenancy": "default",
            "ipv6_association_id": "",
            "ipv6_cidr_block": "",
            "main_route_table_id": "rtb-0983d531e70ddfae9",
            "owner_id": "112636953101",
            "tags": {
              "Environment": "wego-test",
              "Name": "wego-test"
            },
            "tags_all": {
              "Environment": "wego-test",
              "Name": "wego-test"
            }
          },
          "private": "eyJzY2hlbWFfdmVyc2lvbiI6IjEifQ==",
          "create_before_destroy": true
        }
      ]
    }
  ]
}
